Microsoft Visual Studio Solution File, Format Version 12.00
# Visual Studio Version 17
VisualStudioVersion = 17.5.2.0
MinimumVisualStudioVersion = 10.0.40219.1
Project("{FAE04EC0-301F-11D3-BF4B-00C04F79EFBC}") = "UsersManagmentApp", "UsersManagmentApp.csproj", "{B15475D6-35D5-4B20-40C6-CB6F9857164D}"
EndProject
Global
	GlobalSection(SolutionConfigurationPlatforms) = preSolution
		Debug|Any CPU = Debug|Any CPU
		Release|Any CPU = Release|Any CPU
	EndGlobalSection
	GlobalSection(ProjectConfigurationPlatforms) = postSolution
		{B15475D6-35D5-4B20-40C6-CB6F9857164D}.Debug|Any CPU.ActiveCfg = Debug|Any CPU
		{B15475D6-35D5-4B20-40C6-CB6F9857164D}.Debug|Any CPU.Build.0 = Debug|Any CPU
		{B15475D6-35D5-4B20-40C6-CB6F9857164D}.Release|Any CPU.ActiveCfg = Release|Any CPU
		{B15475D6-35D5-4B20-40C6-CB6F9857164D}.Release|Any CPU.Build.0 = Release|Any CPU
	EndGlobalSection
	GlobalSection(SolutionProperties) = preSolution
		HideSolutionNode = FALSE
	EndGlobalSection
	GlobalSection(ExtensibilityGlobals) = postSolution
		SolutionGuid = {84A613BE-1676-47C0-B6DB-FE5C5B945F90}
	EndGlobalSection
EndGlobal
